
Microsoft Visual Studio Solution File, Format Version 12.00
# Visual Studio Version 16
VisualStudioVersion = 16.0.30225.117
MinimumVisualStudioVersion = 10.0.40219.1
Project("{9A19103F-16F7-4668-BE54-9A1E7A4F7556}") = "Gra_Oczko", "Gra_Oczko\Gra_Oczko.csproj", "{35CCF081-4EC3-45F5-A220-818B1C8CF134}"
EndProject
Project("{9A19103F-16F7-4668-BE54-9A1E7A4F7556}") = "Oczko", "Oczko\Oczko.csproj", "{C3AEB8F0-4059-4FD3-B038-AD01986AD00C}"
EndProject
Global
	GlobalSection(SolutionConfigurationPlatforms) = preSolution
		Debug|Any CPU = Debug|Any CPU
		Release|Any CPU = Release|Any CPU
	EndGlobalSection
	GlobalSection(ProjectConfigurationPlatforms) = postSolution
		{35CCF081-4EC3-45F5-A220-818B1C8CF134}.Debug|Any CPU.ActiveCfg = Debug|Any CPU
		{35CCF081-4EC3-45F5-A220-818B1C8CF134}.Debug|Any CPU.Build.0 = Debug|Any CPU
		{35CCF081-4EC3-45F5-A220-818B1C8CF134}.Release|Any CPU.ActiveCfg = Release|Any CPU
		{35CCF081-4EC3-45F5-A220-818B1C8CF134}.Release|Any CPU.Build.0 = Release|Any CPU
		{C3AEB8F0-4059-4FD3-B038-AD01986AD00C}.Debug|Any CPU.ActiveCfg = Debug|Any CPU
		{C3AEB8F0-4059-4FD3-B038-AD01986AD00C}.Debug|Any CPU.Build.0 = Debug|Any CPU
		{C3AEB8F0-4059-4FD3-B038-AD01986AD00C}.Release|Any CPU.ActiveCfg = Release|Any CPU
		{C3AEB8F0-4059-4FD3-B038-AD01986AD00C}.Release|Any CPU.Build.0 = Release|Any CPU
	EndGlobalSection
	GlobalSection(SolutionProperties) = preSolution
		HideSolutionNode = FALSE
	EndGlobalSection
	GlobalSection(ExtensibilityGlobals) = postSolution
		SolutionGuid = {DF51E0AE-C58D-417B-941A-42316CEDFC34}
	EndGlobalSection
EndGlobal
